<?xml version="1.0" encoding="utf-8"?>
<Project ToolsVersion="4.0" xmlns="http://schemas.microsoft.com/developer/msbuild/2003">
  <ItemGroup>
    <ClCompile Include="src\Math\Quaternion.cpp" />
    <ClCompile Include="src\Main.cpp" />
    <ClCompile Include="src\Media\Color.cpp" />
    <ClCompile Include="src\Math\Random.cpp" />
    <ClCompile Include="src\Rendering\TextureReference.cpp" />
    <ClCompile Include="src\World\Voxel.cpp" />
    <ClCompile Include="src\Interface\TextBox.cpp" />
    <ClCompile Include="src\Interface\Surface.cpp" />
    <ClCompile Include="src\Media\TextureManager.cpp" />
    <ClCompile Include="src\Game\CardinalDirection.cpp" />
    <ClCompile Include="src\Entities\Entity.cpp" />
    <ClCompile Include="src\Interface\Panel.cpp" />
    <ClCompile Include="src\Rendering\Renderer.cpp" />
    <ClCompile Include="src\Items\ArtifactData.cpp" />
    <ClCompile Include="src\Game\Guild.cpp" />
    <ClCompile Include="src\World\Location.cpp" />
    <ClCompile Include="src\World\Province.cpp" />
    <ClCompile Include="src\Media\Font.cpp" />
    <ClCompile Include="src\Items\Accessory.cpp" />
    <ClCompile Include="src\Items\Metal.cpp" />
    <ClCompile Include="src\Items\Shield.cpp" />
    <ClCompile Include="src\Items\Weapon.cpp" />
    <ClCompile Include="src\Items\ItemCondition.cpp" />
    <ClCompile Include="src\Items\Metallic.cpp" />
    <ClCompile Include="src\Items\Trinket.cpp" />
    <ClCompile Include="src\Entities\BodyPart.cpp" />
    <ClCompile Include="src\Entities\CharacterClass.cpp" />
    <ClCompile Include="src\Entities\CharacterEquipment.cpp" />
    <ClCompile Include="src\Entities\CharacterGender.cpp" />
    <ClCompile Include="src\Entities\CharacterRace.cpp" />
    <ClCompile Include="src\Entities\PrimaryAttribute.cpp" />
    <ClCompile Include="src\Entities\PrimaryAttributeSet.cpp" />
    <ClCompile Include="src\Entities\DerivedAttribute.cpp" />
    <ClCompile Include="src\Items\ArmorMaterial.cpp" />
    <ClCompile Include="src\Items\LightArmorMaterial.cpp" />
    <ClCompile Include="src\Items\MediumArmorMaterial.cpp" />
    <ClCompile Include="src\Items\HeavyArmorMaterial.cpp" />
    <ClCompile Include="src\Items\Armor.cpp" />
    <ClCompile Include="src\Items\BodyArmor.cpp" />
    <ClCompile Include="src\Entities\CharacterClassCategory.cpp" />
    <ClCompile Include="src\World\Climate.cpp" />
    <ClCompile Include="src\Game\Weekday.cpp" />
    <ClCompile Include="src\Game\Month.cpp" />
    <ClCompile Include="src\Game\Holiday.cpp" />
    <ClCompile Include="src\Game\Year.cpp" />
    <ClCompile Include="src\Game\Date.cpp" />
    <ClCompile Include="src\World\Chunk.cpp" />
    <ClCompile Include="src\Entities\AttributeModifier.cpp" />
    <ClCompile Include="src\Items\Consumable.cpp" />
    <ClCompile Include="src\Items\Item.cpp" />
    <ClCompile Include="src\Items\MiscellaneousItem.cpp" />
    <ClCompile Include="src\Items\AccessoryArtifactData.cpp" />
    <ClCompile Include="src\Items\BodyArmorArtifactData.cpp" />
    <ClCompile Include="src\Items\MiscellaneousArtifactData.cpp" />
    <ClCompile Include="src\Items\ShieldArtifactData.cpp" />
    <ClCompile Include="src\Items\WeaponArtifactData.cpp" />
    <ClCompile Include="src\Items\Potion.cpp" />
    <ClCompile Include="src\Game\Game.cpp" />
    <ClCompile Include="src\Game\GameState.cpp" />
    <ClCompile Include="src\Interface\MainMenuPanel.cpp" />
    <ClCompile Include="src\Interface\Button.cpp" />
    <ClCompile Include="src\Interface\CinematicPanel.cpp" />
    <ClCompile Include="src\Interface\ImagePanel.cpp" />
    <ClCompile Include="src\Interface\TextCinematicPanel.cpp" />
    <ClCompile Include="src\Interface\ChooseGenderPanel.cpp" />
    <ClCompile Include="src\Interface\ChooseClassPanel.cpp" />
    <ClCompile Include="src\Interface\ChooseNamePanel.cpp" />
    <ClCompile Include="src\Interface\ChooseRacePanel.cpp" />
    <ClCompile Include="src\Math\Float4.cpp" />
    <ClCompile Include="src\Math\Float3.cpp" />
    <ClCompile Include="src\Math\Float2.cpp" />
    <ClCompile Include="src\Math\Int2.cpp" />
    <ClCompile Include="src\Interface\LoadGamePanel.cpp" />
    <ClCompile Include="src\Math\Matrix4.cpp" />
    <ClCompile Include="src\Utilities\Debug.cpp" />
    <ClCompile Include="src\Media\AudioManager.cpp" />
    <ClCompile Include="src\Interface\GameWorldPanel.cpp" />
    <ClCompile Include="src\Interface\PauseMenuPanel.cpp" />
    <ClCompile Include="src\Interface\ChooseAttributesPanel.cpp" />
    <ClCompile Include="src\Interface\OptionsPanel.cpp" />
    <ClCompile Include="src\Items\ArmorArtifactData.cpp" />
    <ClCompile Include="src\Items\ArtifactParser.cpp" />
    <ClCompile Include="src\Utilities\File.cpp" />
    <ClCompile Include="src\World\LocationParser.cpp" />
    <ClCompile Include="src\Items\ItemParser.cpp" />
    <ClCompile Include="src\Game\GameData.cpp" />
    <ClCompile Include="src\Entities\EntityManager.cpp" />
    <ClCompile Include="src\Entities\Player.cpp" />
    <ClCompile Include="src\Entities\Movable.cpp" />
    <ClCompile Include="src\Entities\Directable.cpp" />
    <ClCompile Include="src\Entities\CharacterClassParser.cpp" />
    <ClCompile Include="src\Interface\CharacterPanel.cpp" />
    <ClCompile Include="src\Media\TextureFile.cpp" />
    <ClCompile Include="src\Rendering\CLProgram.cpp" />
    <ClCompile Include="src\Game\Options.cpp" />
    <ClCompile Include="src\Game\OptionsParser.cpp" />
    <ClCompile Include="src\Interface\ToggleButton.cpp" />
    <ClCompile Include="src\Utilities\String.cpp" />
    <ClCompile Include="src\Media\PortraitFile.cpp" />
    <ClCompile Include="src\Interface\ListBox.cpp" />
    <ClCompile Include="src\Math\Rect.cpp" />
    <ClCompile Include="src\Media\WildMidi.cpp" />
    <ClCompile Include="src\Utilities\KvpTextMap.cpp" />
    <ClCompile Include="src\Interface\ChooseClassCreationPanel.cpp" />
    <ClCompile Include="src\Interface\WorldMapPanel.cpp" />
    <ClCompile Include="src\Interface\ProvinceMapPanel.cpp" />
    <ClCompile Include="src\Interface\LogbookPanel.cpp" />
    <ClCompile Include="src\Interface\AutomapPanel.cpp" />
    <ClCompile Include="src\Interface\CharacterEquipmentPanel.cpp" />
    <ClCompile Include="src\Math\Int3.cpp" />
    <ClCompile Include="src\Math\Rect3D.cpp" />
    <ClCompile Include="src\Math\CoordinateFrame.cpp" />
    <ClCompile Include="src\Assets\CFAFile.cpp" />
    <ClCompile Include="src\Assets\CIFFile.cpp" />
    <ClCompile Include="src\Assets\Compression.cpp" />
    <ClCompile Include="src\Assets\DFAFile.cpp" />
    <ClCompile Include="src\Assets\IMGFile.cpp" />
    <ClCompile Include="src\Assets\SETFile.cpp" />
    <ClCompile Include="src\Assets\RCIFile.cpp" />
    <ClCompile Include="src\Assets\FLCFile.cpp" />
    <ClCompile Include="src\Media\PaletteFile.cpp" />
    <ClCompile Include="src\Rendering\VoxelReference.cpp" />
    <ClCompile Include="src\Rendering\SpriteReference.cpp" />
    <ClCompile Include="src\Assets\FontFile.cpp" />
    <ClCompile Include="src\Assets\TextAssets.cpp" />
    <ClCompile Include="src\World\Sprite.cpp" />
    <ClCompile Include="src\Assets\COLFile.cpp" />
    <ClCompile Include="src\Media\FontManager.cpp" />
    <ClCompile Include="src\Utilities\Bytes.cpp" />
    <ClCompile Include="src\Interface\ImageSequencePanel.cpp" />
  </ItemGroup>
  <ItemGroup>
    <ClInclude Include="src\Math\Quaternion.h" />
    <ClInclude Include="src\Math\Constants.h" />
    <ClInclude Include="src\Media\Color.h" />
    <ClInclude Include="src\Math\Random.h" />
    <ClInclude Include="src\Rendering\TextureReference.h" />
    <ClInclude Include="src\Media\MusicType.h" />
    <ClInclude Include="src\Media\MusicName.h" />
    <ClInclude Include="src\World\Chunk.h" />
    <ClInclude Include="src\World\Voxel.h" />
    <ClInclude Include="src\Interface\TextBox.h" />
    <ClInclude Include="src\Interface\Surface.h" />
    <ClInclude Include="src\Media\TextureManager.h" />
    <ClInclude Include="src\Media\TextureName.h" />
    <ClInclude Include="src\Media\MusicFormat.h" />
    <ClInclude Include="src\Game\CardinalDirection.h" />
    <ClInclude Include="src\Entities\Entity.h" />
    <ClInclude Include="src\Entities\EntityType.h" />
    <ClInclude Include="src\Items\AccessoryType.h" />
    <ClInclude Include="src\Items\ItemType.h" />
    <ClInclude Include="src\Items\WeaponType.h" />
    <ClInclude Include="src\Interface\Panel.h" />
    <ClInclude Include="src\Rendering\Renderer.h" />
    <ClInclude Include="src\Items\MetalType.h" />
    <ClInclude Include="src\Items\ShieldType.h" />
    <ClInclude Include="src\Items\WeaponHandCount.h" />
    <ClInclude Include="src\World\ProvinceName.h" />
    <ClInclude Include="src\World\LocationType.h" />
    <ClInclude Include="src\Items\ArtifactData.h" />
    <ClInclude Include="src\Game\CardinalDirectionName.h" />
    <ClInclude Include="src\Game\GuildName.h" />
    <ClInclude Include="src\Game\Guild.h" />
    <ClInclude Include="src\World\Location.h" />
    <ClInclude Include="src\World\Province.h" />
    <ClInclude Include="src\Media\Font.h" />
    <ClInclude Include="src\Items\Accessory.h" />
    <ClInclude Include="src\Items\Metal.h" />
    <ClInclude Include="src\Items\Shield.h" />
    <ClInclude Include="src\Items\Weapon.h" />
    <ClInclude Include="src\Items\ItemConditionName.h" />
    <ClInclude Include="src\Items\ItemCondition.h" />
    <ClInclude Include="src\Items\Metallic.h" />
    <ClInclude Include="src\Items\Trinket.h" />
    <ClInclude Include="src\Entities\BodyPart.h" />
    <ClInclude Include="src\Entities\BodyPartName.h" />
    <ClInclude Include="src\Entities\CharacterClass.h" />
    <ClInclude Include="src\Entities\CharacterEquipment.h" />
    <ClInclude Include="src\Entities\CharacterGender.h" />
    <ClInclude Include="src\Entities\CharacterGenderName.h" />
    <ClInclude Include="src\Entities\CharacterRace.h" />
    <ClInclude Include="src\Entities\CharacterRaceName.h" />
    <ClInclude Include="src\Entities\PrimaryAttribute.h" />
    <ClInclude Include="src\Entities\PrimaryAttributeName.h" />
    <ClInclude Include="src\Entities\PrimaryAttributeSet.h" />
    <ClInclude Include="src\Entities\DerivedAttributeName.h" />
    <ClInclude Include="src\Entities\DerivedAttribute.h" />
    <ClInclude Include="src\Entities\CharacterClassCategoryName.h" />
    <ClInclude Include="src\Items\ArmorMaterialType.h" />
    <ClInclude Include="src\Items\ArmorMaterial.h" />
    <ClInclude Include="src\Items\LightArmorMaterial.h" />
    <ClInclude Include="src\Items\MediumArmorMaterial.h" />
    <ClInclude Include="src\Items\HeavyArmorMaterial.h" />
    <ClInclude Include="src\Items\ArmorType.h" />
    <ClInclude Include="src\Items\Armor.h" />
    <ClInclude Include="src\Items\BodyArmor.h" />
    <ClInclude Include="src\Entities\CharacterClassCategory.h" />
    <ClInclude Include="src\Media\SoundName.h" />
    <ClInclude Include="src\Media\SoundFormat.h" />
    <ClInclude Include="src\World\BuildingType.h" />
    <ClInclude Include="src\World\ClimateName.h" />
    <ClInclude Include="src\World\Climate.h" />
    <ClInclude Include="src\Game\WeekdayName.h" />
    <ClInclude Include="src\Game\Weekday.h" />
    <ClInclude Include="src\Game\MonthName.h" />
    <ClInclude Include="src\Game\Month.h" />
    <ClInclude Include="src\Game\HolidayName.h" />
    <ClInclude Include="src\Game\Holiday.h" />
    <ClInclude Include="src\Game\Year.h" />
    <ClInclude Include="src\Game\Date.h" />
    <ClInclude Include="src\Items\WeaponRangeName.h" />
    <ClInclude Include="src\World\VoxelType.h" />
    <ClInclude Include="src\Entities\AttributeModifier.h" />
    <ClInclude Include="src\Entities\AttributeModifierName.h" />
    <ClInclude Include="src\Items\ConsumableType.h" />
    <ClInclude Include="src\Items\Consumable.h" />
    <ClInclude Include="src\Items\Item.h" />
    <ClInclude Include="src\Items\MiscellaneousItemType.h" />
    <ClInclude Include="src\Items\MiscellaneousItem.h" />
    <ClInclude Include="src\Items\AccessoryArtifactData.h" />
    <ClInclude Include="src\Items\BodyArmorArtifactData.h" />
    <ClInclude Include="src\Items\WeaponArtifactData.h" />
    <ClInclude Include="src\Items\MiscellaneousArtifactData.h" />
    <ClInclude Include="src\Items\ShieldArtifactData.h" />
    <ClInclude Include="src\Items\Potion.h" />
    <ClInclude Include="src\Game\Game.h" />
    <ClInclude Include="src\Game\GameState.h" />
    <ClInclude Include="src\Interface\MainMenuPanel.h" />
    <ClInclude Include="src\Interface\Button.h" />
    <ClInclude Include="src\Media\TextureSequenceName.h" />
    <ClInclude Include="src\Interface\CinematicPanel.h" />
    <ClInclude Include="src\Interface\ImagePanel.h" />
    <ClInclude Include="src\Interface\TextCinematicPanel.h" />
    <ClInclude Include="src\Interface\ChooseGenderPanel.h" />
    <ClInclude Include="src\Interface\ChooseRacePanel.h" />
    <ClInclude Include="src\Interface\ChooseClassPanel.h" />
    <ClInclude Include="src\Interface\ChooseNamePanel.h" />
    <ClInclude Include="src\Math\Float4.h" />
    <ClInclude Include="src\Math\Float3.h" />
    <ClInclude Include="src\Math\Float2.h" />
    <ClInclude Include="src\Math\Int2.h" />
    <ClInclude Include="src\Interface\LoadGamePanel.h" />
    <ClInclude Include="src\Math\Matrix4.h" />
    <ClInclude Include="src\Utilities\Debug.h" />
    <ClInclude Include="src\Media\AudioManager.h" />
    <ClInclude Include="src\Interface\PauseMenuPanel.h" />
    <ClInclude Include="src\Interface\GameWorldPanel.h" />
    <ClInclude Include="src\Interface\ChooseAttributesPanel.h" />
    <ClInclude Include="src\Interface\OptionsPanel.h" />
    <ClInclude Include="src\Items\ArmorArtifactData.h" />
    <ClInclude Include="src\Items\ArtifactParser.h" />
    <ClInclude Include="src\Utilities\File.h" />
    <ClInclude Include="src\World\LocationParser.h" />
    <ClInclude Include="src\Items\ItemParser.h" />
    <ClInclude Include="src\Items\TrinketType.h" />
    <ClInclude Include="src\Game\GameData.h" />
    <ClInclude Include="src\Entities\EntityManager.h" />
    <ClInclude Include="src\Entities\Player.h" />
    <ClInclude Include="src\Entities\Movable.h" />
    <ClInclude Include="src\Entities\Directable.h" />
    <ClInclude Include="src\Entities\CharacterClassParser.h" />
    <ClInclude Include="src\Interface\CharacterPanel.h" />
    <ClInclude Include="src\Media\TextureFile.h" />
    <ClInclude Include="src\Rendering\CLProgram.h" />
    <ClInclude Include="resource.h" />
    <ClInclude Include="src\Game\Options.h" />
    <ClInclude Include="src\Game\OptionsParser.h" />
    <ClInclude Include="src\Interface\ToggleButton.h" />
    <ClInclude Include="src\Utilities\String.h" />
    <ClInclude Include="src\Media\PortraitFile.h" />
    <ClInclude Include="src\Interface\ListBox.h" />
    <ClInclude Include="src\Math\Rect.h" />
    <ClInclude Include="src\Media\WildMidi.hpp" />
    <ClInclude Include="src\Media\Midi.hpp" />
    <ClInclude Include="src\Utilities\KvpTextMap.h" />
    <ClInclude Include="src\Interface\ChooseClassCreationPanel.h" />
    <ClInclude Include="src\Interface\WorldMapPanel.h" />
    <ClInclude Include="src\Interface\ProvinceMapPanel.h" />
    <ClInclude Include="src\Interface\ProvinceButtonName.h" />
    <ClInclude Include="src\Interface\LogbookPanel.h" />
    <ClInclude Include="src\Interface\AutomapPanel.h" />
    <ClInclude Include="src\Interface\CharacterEquipmentPanel.h" />
    <ClInclude Include="src\Math\Int3.h" />
    <ClInclude Include="src\Media\PaletteName.h" />
    <ClInclude Include="src\Math\Rect3D.h" />
    <ClInclude Include="src\Math\CoordinateFrame.h" />
    <ClInclude Include="src\Assets\CFAFile.h" />
    <ClInclude Include="src\Assets\CIFFile.h" />
    <ClInclude Include="src\Assets\Compression.h" />
    <ClInclude Include="src\Assets\DFAFile.h" />
    <ClInclude Include="src\Assets\IMGFile.h" />
    <ClInclude Include="src\Assets\SETFile.h" />
    <ClInclude Include="src\Assets\RCIFile.h" />
    <ClInclude Include="src\Assets\FLCFile.h" />
    <ClInclude Include="src\Media\Palette.h" />
    <ClInclude Include="src\Media\PaletteFile.h" />
    <ClInclude Include="src\Rendering\VoxelReference.h" />
    <ClInclude Include="src\Rendering\SpriteReference.h" />
    <ClInclude Include="src\Assets\FontFile.h" />
    <ClInclude Include="src\Assets\TextAssets.h" />
    <ClInclude Include="src\World\Sprite.h" />
    <ClInclude Include="src\Assets\COLFile.h" />
    <ClInclude Include="src\Media\FontManager.h" />
    <ClInclude Include="src\Media\FontName.h" />
    <ClInclude Include="src\Interface\TextAlignment.h" />
    <ClInclude Include="src\Utilities\Bytes.h" />
    <ClInclude Include="src\Interface\ImageSequencePanel.h" />
  </ItemGroup>
  <ItemGroup>
    <Image Include="icon.ico" />
  </ItemGroup>
  <ItemGroup>
    <ResourceCompile Include="OpenTESArena.rc" />
  </ItemGroup>
</Project>